// !$*UTF8*$!
{
	archiveVersion = 1;
	classes = {
	};
	objectVersion = 55;
	objects = {

/* Begin PBXBuildFile section */
		B334D338277929C6001104BA /* Alamofire in Frameworks */ = {isa = PBXBuildFile; productRef = B334D337277929C6001104BA /* Alamofire */; };
		B334D33A27792A85001104BA /* PokemonHomePresenter.swift in Sources */ = {isa = PBXBuildFile; fileRef = B334D33927792A85001104BA /* PokemonHomePresenter.swift */; };
		B334D33C27792AF4001104BA /* Pokemon.swift in Sources */ = {isa = PBXBuildFile; fileRef = B334D33B27792AF4001104BA /* Pokemon.swift */; };
		B334D33E27792C29001104BA /* PokemonHomeInteractor.swift in Sources */ = {isa = PBXBuildFile; fileRef = B334D33D27792C29001104BA /* PokemonHomeInteractor.swift */; };
		B334D340277936F7001104BA /* PokemonHomeRoute.swift in Sources */ = {isa = PBXBuildFile; fileRef = B334D33F277936F7001104BA /* PokemonHomeRoute.swift */; };
		B335158227784AF000A5D44E /* MLPredictionsApp.swift in Sources */ = {isa = PBXBuildFile; fileRef = B335158127784AF000A5D44E /* MLPredictionsApp.swift */; };
		B335158427784AF000A5D44E /* ContentView.swift in Sources */ = {isa = PBXBuildFile; fileRef = B335158327784AF000A5D44E /* ContentView.swift */; };
		B335158627784AF400A5D44E /* Assets.xcassets in Resources */ = {isa = PBXBuildFile; fileRef = B335158527784AF400A5D44E /* Assets.xcassets */; };
		B335158927784AF400A5D44E /* Preview Assets.xcassets in Resources */ = {isa = PBXBuildFile; fileRef = B335158827784AF400A5D44E /* Preview Assets.xcassets */; };
		B335159327784AF400A5D44E /* MLPredictionsTests.swift in Sources */ = {isa = PBXBuildFile; fileRef = B335159227784AF400A5D44E /* MLPredictionsTests.swift */; };
		B335159D27784AF400A5D44E /* MLPredictionsUITests.swift in Sources */ = {isa = PBXBuildFile; fileRef = B335159C27784AF400A5D44E /* MLPredictionsUITests.swift */; };
		B335159F27784AF400A5D44E /* MLPredictionsUITestsLaunchTests.swift in Sources */ = {isa = PBXBuildFile; fileRef = B335159E27784AF400A5D44E /* MLPredictionsUITestsLaunchTests.swift */; };
		B33515B227784D2E00A5D44E /* PokemonHomeView.swift in Sources */ = {isa = PBXBuildFile; fileRef = B33515B127784D2D00A5D44E /* PokemonHomeView.swift */; };
		B33515B52778624A00A5D44E /* InitialCard.swift in Sources */ = {isa = PBXBuildFile; fileRef = B33515B42778624A00A5D44E /* InitialCard.swift */; };
/* End PBXBuildFile section */

/* Begin PBXContainerItemProxy section */
		B335158F27784AF400A5D44E /* PBXContainerItemProxy */ = {
			isa = PBXContainerItemProxy;
			containerPortal = B335157627784AF000A5D44E /* Project object */;
			proxyType = 1;
			remoteGlobalIDString = B335157D27784AF000A5D44E;
			remoteInfo = MLPredictions;
		};
		B335159927784AF400A5D44E /* PBXContainerItemProxy */ = {
			isa = PBXContainerItemProxy;
			containerPortal = B335157627784AF000A5D44E /* Project object */;
			proxyType = 1;
			remoteGlobalIDString = B335157D27784AF000A5D44E;
			remoteInfo = MLPredictions;
		};
/* End PBXContainerItemProxy section */

/* Begin PBXFileReference section */
		B334D33927792A85001104BA /* PokemonHomePresenter.swift */ = {isa = PBXFileReference; lastKnownFileType = sourcecode.swift; path = PokemonHomePresenter.swift; sourceTree = "<group>"; };
		B334D33B27792AF4001104BA /* Pokemon.swift */ = {isa = PBXFileReference; lastKnownFileType = sourcecode.swift; path = Pokemon.swift; sourceTree = "<group>"; };
		B334D33D27792C29001104BA /* PokemonHomeInteractor.swift */ = {isa = PBXFileReference; lastKnownFileType = sourcecode.swift; path = PokemonHomeInteractor.swift; sourceTree = "<group>"; };
		B334D33F277936F7001104BA /* PokemonHomeRoute.swift */ = {isa = PBXFileReference; lastKnownFileType = sourcecode.swift; path = PokemonHomeRoute.swift; sourceTree = "<group>"; };
		B335157E27784AF000A5D44E /* MLPredictions.app */ = {isa = PBXFileReference; explicitFileType = wrapper.application; includeInIndex = 0; path = MLPredictions.app; sourceTree = BUILT_PRODUCTS_DIR; };
		B335158127784AF000A5D44E /* MLPredictionsApp.swift */ = {isa = PBXFileReference; lastKnownFileType = sourcecode.swift; path = MLPredictionsApp.swift; sourceTree = "<group>"; };
		B335158327784AF000A5D44E /* ContentView.swift */ = {isa = PBXFileReference; lastKnownFileType = sourcecode.swift; path = ContentView.swift; sourceTree = "<group>"; };
		B335158527784AF400A5D44E /* Assets.xcassets */ = {isa = PBXFileReference; lastKnownFileType = folder.assetcatalog; path = Assets.xcassets; sourceTree = "<group>"; };
		B335158827784AF400A5D44E /* Preview Assets.xcassets */ = {isa = PBXFileReference; lastKnownFileType = folder.assetcatalog; path = "Preview Assets.xcassets"; sourceTree = "<group>"; };
		B335158E27784AF400A5D44E /* MLPredictionsTests.xctest */ = {isa = PBXFileReference; explicitFileType = wrapper.cfbundle; includeInIndex = 0; path = MLPredictionsTests.xctest; sourceTree = BUILT_PRODUCTS_DIR; };
		B335159227784AF400A5D44E /* MLPredictionsTests.swift */ = {isa = PBXFileReference; lastKnownFileType = sourcecode.swift; path = MLPredictionsTests.swift; sourceTree = "<group>"; };
		B335159827784AF400A5D44E /* MLPredictionsUITests.xctest */ = {isa = PBXFileReference; explicitFileType = wrapper.cfbundle; includeInIndex = 0; path = MLPredictionsUITests.xctest; sourceTree = BUILT_PRODUCTS_DIR; };
		B335159C27784AF400A5D44E /* MLPredictionsUITests.swift */ = {isa = PBXFileReference; lastKnownFileType = sourcecode.swift; path = MLPredictionsUITests.swift; sourceTree = "<group>"; };
		B335159E27784AF400A5D44E /* MLPredictionsUITestsLaunchTests.swift */ = {isa = PBXFileReference; lastKnownFileType = sourcecode.swift; path = MLPredictionsUITestsLaunchTests.swift; sourceTree = "<group>"; };
		B33515B127784D2D00A5D44E /* PokemonHomeView.swift */ = {isa = PBXFileReference; lastKnownFileType = sourcecode.swift; path = PokemonHomeView.swift; sourceTree = "<group>"; };
		B33515B42778624A00A5D44E /* InitialCard.swift */ = {isa = PBXFileReference; lastKnownFileType = sourcecode.swift; path = InitialCard.swift; sourceTree = "<group>"; };
/* End PBXFileReference section */

/* Begin PBXFrameworksBuildPhase section */
		B335157B27784AF000A5D44E /* Frameworks */ = {
			isa = PBXFrameworksBuildPhase;
			buildActionMask = 2147483647;
			files = (
				B334D338277929C6001104BA /* Alamofire in Frameworks */,
			);
			runOnlyForDeploymentPostprocessing = 0;
		};
		B335158B27784AF400A5D44E /* Frameworks */ = {
			isa = PBXFrameworksBuildPhase;
			buildActionMask = 2147483647;
			files = (
			);
			runOnlyForDeploymentPostprocessing = 0;
		};
		B335159527784AF400A5D44E /* Frameworks */ = {
			isa = PBXFrameworksBuildPhase;
			buildActionMask = 2147483647;
			files = (
			);
			runOnlyForDeploymentPostprocessing = 0;
		};
/* End PBXFrameworksBuildPhase section */

/* Begin PBXGroup section */
		B335157527784AF000A5D44E = {
			isa = PBXGroup;
			children = (
				B335158027784AF000A5D44E /* MLPredictions */,
				B335159127784AF400A5D44E /* MLPredictionsTests */,
				B335159B27784AF400A5D44E /* MLPredictionsUITests */,
				B335157F27784AF000A5D44E /* Products */,
			);
			sourceTree = "<group>";
		};
		B335157F27784AF000A5D44E /* Products */ = {
			isa = PBXGroup;
			children = (
				B335157E27784AF000A5D44E /* MLPredictions.app */,
				B335158E27784AF400A5D44E /* MLPredictionsTests.xctest */,
				B335159827784AF400A5D44E /* MLPredictionsUITests.xctest */,
			);
			name = Products;
			sourceTree = "<group>";
		};
		B335158027784AF000A5D44E /* MLPredictions */ = {
			isa = PBXGroup;
			children = (
				B33515B32778623600A5D44E /* component */,
				B33515B027784B6E00A5D44E /* viper */,
				B335158127784AF000A5D44E /* MLPredictionsApp.swift */,
				B335158527784AF400A5D44E /* Assets.xcassets */,
				B335158727784AF400A5D44E /* Preview Content */,
			);
			path = MLPredictions;
			sourceTree = "<group>";
		};
		B335158727784AF400A5D44E /* Preview Content */ = {
			isa = PBXGroup;
			children = (
				B335158827784AF400A5D44E /* Preview Assets.xcassets */,
			);
			path = "Preview Content";
			sourceTree = "<group>";
		};
		B335159127784AF400A5D44E /* MLPredictionsTests */ = {
			isa = PBXGroup;
			children = (
				B335159227784AF400A5D44E /* MLPredictionsTests.swift */,
			);
			path = MLPredictionsTests;
			sourceTree = "<group>";
		};
		B335159B27784AF400A5D44E /* MLPredictionsUITests */ = {
			isa = PBXGroup;
			children = (
				B335159C27784AF400A5D44E /* MLPredictionsUITests.swift */,
				B335159E27784AF400A5D44E /* MLPredictionsUITestsLaunchTests.swift */,
			);
			path = MLPredictionsUITests;
			sourceTree = "<group>";
		};
		B33515AB27784B3500A5D44E /* view */ = {
			isa = PBXGroup;
			children = (
				B335158327784AF000A5D44E /* ContentView.swift */,
				B33515B127784D2D00A5D44E /* PokemonHomeView.swift */,
			);
			path = view;
			sourceTree = "<group>";
		};
		B33515AC27784B4300A5D44E /* presenter */ = {
			isa = PBXGroup;
			children = (
				B334D33927792A85001104BA /* PokemonHomePresenter.swift */,
			);
			path = presenter;
			sourceTree = "<group>";
		};
		B33515AD27784B4D00A5D44E /* interactor */ = {
			isa = PBXGroup;
			children = (
				B334D33D27792C29001104BA /* PokemonHomeInteractor.swift */,
			);
			path = interactor;
			sourceTree = "<group>";
		};
		B33515AE27784B5700A5D44E /* route */ = {
			isa = PBXGroup;
			children = (
				B334D33F277936F7001104BA /* PokemonHomeRoute.swift */,
			);
			path = route;
			sourceTree = "<group>";
		};
		B33515AF27784B6200A5D44E /* entity */ = {
			isa = PBXGroup;
			children = (
				B334D33B27792AF4001104BA /* Pokemon.swift */,
			);
			path = entity;
			sourceTree = "<group>";
		};
		B33515B027784B6E00A5D44E /* viper */ = {
			isa = PBXGroup;
			children = (
				B33515AB27784B3500A5D44E /* view */,
				B33515AD27784B4D00A5D44E /* interactor */,
				B33515AC27784B4300A5D44E /* presenter */,
				B33515AF27784B6200A5D44E /* entity */,
				B33515AE27784B5700A5D44E /* route */,
			);
			path = viper;
			sourceTree = "<group>";
		};
		B33515B32778623600A5D44E /* component */ = {
			isa = PBXGroup;
			children = (
				B33515B42778624A00A5D44E /* InitialCard.swift */,
			);
			path = component;
			sourceTree = "<group>";
		};
/* End PBXGroup section */

/* Begin PBXNativeTarget section */
		B335157D27784AF000A5D44E /* MLPredictions */ = {
			isa = PBXNativeTarget;
			buildConfigurationList = B33515A227784AF400A5D44E /* Build configuration list for PBXNativeTarget "MLPredictions" */;
			buildPhases = (
				B335157A27784AF000A5D44E /* Sources */,
				B335157B27784AF000A5D44E /* Frameworks */,
				B335157C27784AF000A5D44E /* Resources */,
			);
			buildRules = (
			);
			dependencies = (
			);
			name = MLPredictions;
			packageProductDependencies = (
				B334D337277929C6001104BA /* Alamofire */,
			);
			productName = MLPredictions;
			productReference = B335157E27784AF000A5D44E /* MLPredictions.app */;
			productType = "com.apple.product-type.application";
		};
		B335158D27784AF400A5D44E /* MLPredictionsTests */ = {
			isa = PBXNativeTarget;
			buildConfigurationList = B33515A527784AF400A5D44E /* Build configuration list for PBXNativeTarget "MLPredictionsTests" */;
			buildPhases = (
				B335158A27784AF400A5D44E /* Sources */,
				B335158B27784AF400A5D44E /* Frameworks */,
				B335158C27784AF400A5D44E /* Resources */,
			);
			buildRules = (
			);
			dependencies = (
				B335159027784AF400A5D44E /* PBXTargetDependency */,
			);
			name = MLPredictionsTests;
			productName = MLPredictionsTests;
			productReference = B335158E27784AF400A5D44E /* MLPredictionsTests.xctest */;
			productType = "com.apple.product-type.bundle.unit-test";
		};
		B335159727784AF400A5D44E /* MLPredictionsUITests */ = {
			isa = PBXNativeTarget;
			buildConfigurationList = B33515A827784AF400A5D44E /* Build configuration list for PBXNativeTarget "MLPredictionsUITests" */;
			buildPhases = (
				B335159427784AF400A5D44E /* Sources */,
				B335159527784AF400A5D44E /* Frameworks */,
				B335159627784AF400A5D44E /* Resources */,
			);
			buildRules = (
			);
			dependencies = (
				B335159A27784AF400A5D44E /* PBXTargetDependency */,
			);
			name = MLPredictionsUITests;
			productName = MLPredictionsUITests;
			productReference = B335159827784AF400A5D44E /* MLPredictionsUITests.xctest */;
			productType = "com.apple.product-type.bundle.ui-testing";
		};
/* End PBXNativeTarget section */

/* Begin PBXProject section */
		B335157627784AF000A5D44E /* Project object */ = {
			isa = PBXProject;
			attributes = {
				BuildIndependentTargetsInParallel = 1;
				LastSwiftUpdateCheck = 1300;
				LastUpgradeCheck = 1300;
				TargetAttributes = {
					B335157D27784AF000A5D44E = {
						CreatedOnToolsVersion = 13.0;
					};
					B335158D27784AF400A5D44E = {
						CreatedOnToolsVersion = 13.0;
						TestTargetID = B335157D27784AF000A5D44E;
					};
					B335159727784AF400A5D44E = {
						CreatedOnToolsVersion = 13.0;
						TestTargetID = B335157D27784AF000A5D44E;
					};
				};
			};
			buildConfigurationList = B335157927784AF000A5D44E /* Build configuration list for PBXProject "MLPredictions" */;
			compatibilityVersion = "Xcode 13.0";
			developmentRegion = en;
			hasScannedForEncodings = 0;
			knownRegions = (
				en,
				Base,
			);
			mainGroup = B335157527784AF000A5D44E;
			packageReferences = (
				B334D336277929C6001104BA /* XCRemoteSwiftPackageReference "Alamofire" */,
			);
			productRefGroup = B335157F27784AF000A5D44E /* Products */;
			projectDirPath = "";
			projectRoot = "";
			targets = (
				B335157D27784AF000A5D44E /* MLPredictions */,
				B335158D27784AF400A5D44E /* MLPredictionsTests */,
				B335159727784AF400A5D44E /* MLPredictionsUITests */,
			);
		};
/* End PBXProject section */

/* Begin PBXResourcesBuildPhase section */
		B335157C27784AF000A5D44E /* Resources */ = {
			isa = PBXResourcesBuildPhase;
			buildActionMask = 2147483647;
			files = (
				B335158927784AF400A5D44E /* Preview Assets.xcassets in Resources */,
				B335158627784AF400A5D44E /* Assets.xcassets in Resources */,
			);
			runOnlyForDeploymentPostprocessing = 0;
		};
		B335158C27784AF400A5D44E /* Resources */ = {
			isa = PBXResourcesBuildPhase;
			buildActionMask = 2147483647;
			files = (
			);
			runOnlyForDeploymentPostprocessing = 0;
		};
		B335159627784AF400A5D44E /* Resources */ = {
			isa = PBXResourcesBuildPhase;
			buildActionMask = 2147483647;
			files = (
			);
			runOnlyForDeploymentPostprocessing = 0;
		};
/* End PBXResourcesBuildPhase section */

/* Begin PBXSourcesBuildPhase section */
		B335157A27784AF000A5D44E /* Sources */ = {
			isa = PBXSourcesBuildPhase;
			buildActionMask = 2147483647;
			files = (
				B334D33A27792A85001104BA /* PokemonHomePresenter.swift in Sources */,
				B33515B52778624A00A5D44E /* InitialCard.swift in Sources */,
				B334D340277936F7001104BA /* PokemonHomeRoute.swift in Sources */,
				B33515B227784D2E00A5D44E /* PokemonHomeView.swift in Sources */,
				B335158427784AF000A5D44E /* ContentView.swift in Sources */,
				B334D33E27792C29001104BA /* PokemonHomeInteractor.swift in Sources */,
				B335158227784AF000A5D44E /* MLPredictionsApp.swift in Sources */,
				B334D33C27792AF4001104BA /* Pokemon.swift in Sources */,
			);
			runOnlyForDeploymentPostprocessing = 0;
		};
		B335158A27784AF400A5D44E /* Sources */ = {
			isa = PBXSourcesBuildPhase;
			buildActionMask = 2147483647;
			files = (
				B335159327784AF400A5D44E /* MLPredictionsTests.swift in Sources */,
			);
			runOnlyForDeploymentPostprocessing = 0;
		};
		B335159427784AF400A5D44E /* Sources */ = {
			isa = PBXSourcesBuildPhase;
			buildActionMask = 2147483647;
			files = (
				B335159F27784AF400A5D44E /* MLPredictionsUITestsLaunchTests.swift in Sources */,
				B335159D27784AF400A5D44E /* MLPredictionsUITests.swift in Sources */,
			);
			runOnlyForDeploymentPostprocessing = 0;
		};
/* End PBXSourcesBuildPhase section */

/* Begin PBXTargetDependency section */
		B335159027784AF400A5D44E /* PBXTargetDependency */ = {
			isa = PBXTargetDependency;
			target = B335157D27784AF000A5D44E /* MLPredictions */;
			targetProxy = B335158F27784AF400A5D44E /* PBXContainerItemProxy */;
		};
		B335159A27784AF400A5D44E /* PBXTargetDependency */ = {
			isa = PBXTargetDependency;
			target = B335157D27784AF000A5D44E /* MLPredictions */;
			targetProxy = B335159927784AF400A5D44E /* PBXContainerItemProxy */;
		};
/* End PBXTargetDependency section */

/* Begin XCBuildConfiguration section */
		B33515A027784AF400A5D44E /* Debug */ = {
			isa = XCBuildConfiguration;
			buildSettings = {
				ALWAYS_SEARCH_USER_PATHS = NO;
				CLANG_ANALYZER_NONNULL = YES;
				CLANG_ANALYZER_NUMBER_OBJECT_CONVERSION = YES_AGGRESSIVE;
				CLANG_CXX_LANGUAGE_STANDARD = "gnu++17";
				CLANG_CXX_LIBRARY = "libc++";
				CLANG_ENABLE_MODULES = YES;
				CLANG_ENABLE_OBJC_ARC = YES;
				CLANG_ENABLE_OBJC_WEAK = YES;
				CLANG_WARN_BLOCK_CAPTURE_AUTORELEASING = YES;
				CLANG_WARN_BOOL_CONVERSION = YES;
				CLANG_WARN_COMMA = YES;
				CLANG_WARN_CONSTANT_CONVERSION = YES;
				CLANG_WARN_DEPRECATED_OBJC_IMPLEMENTATIONS = YES;
				CLANG_WARN_DIRECT_OBJC_ISA_USAGE = YES_ERROR;
				CLANG_WARN_DOCUMENTATION_COMMENTS = YES;
				CLANG_WARN_EMPTY_BODY = YES;
				CLANG_WARN_ENUM_CONVERSION = YES;
				CLANG_WARN_INFINITE_RECURSION = YES;
				CLANG_WARN_INT_CONVERSION = YES;
				CLANG_WARN_NON_LITERAL_NULL_CONVERSION = YES;
				CLANG_WARN_OBJC_IMPLICIT_RETAIN_SELF = YES;
				CLANG_WARN_OBJC_LITERAL_CONVERSION = YES;
				CLANG_WARN_OBJC_ROOT_CLASS = YES_ERROR;
				CLANG_WARN_QUOTED_INCLUDE_IN_FRAMEWORK_HEADER = YES;
				CLANG_WARN_RANGE_LOOP_ANALYSIS = YES;
				CLANG_WARN_STRICT_PROTOTYPES = YES;
				CLANG_WARN_SUSPICIOUS_MOVE = YES;
				CLANG_WARN_UNGUARDED_AVAILABILITY = YES_AGGRESSIVE;
				CLANG_WARN_UNREACHABLE_CODE = YES;
				CLANG_WARN__DUPLICATE_METHOD_MATCH = YES;
				COPY_PHASE_STRIP = NO;
				DEBUG_INFORMATION_FORMAT = dwarf;
				ENABLE_STRICT_OBJC_MSGSEND = YES;
				ENABLE_TESTABILITY = YES;
				GCC_C_LANGUAGE_STANDARD = gnu11;
				GCC_DYNAMIC_NO_PIC = NO;
				GCC_NO_COMMON_BLOCKS = YES;
				GCC_OPTIMIZATION_LEVEL = 0;
				GCC_PREPROCESSOR_DEFINITIONS = (
					"DEBUG=1",
					"$(inherited)",
				);
				GCC_WARN_64_TO_32_BIT_CONVERSION = YES;
				GCC_WARN_ABOUT_RETURN_TYPE = YES_ERROR;
				GCC_WARN_UNDECLARED_SELECTOR = YES;
				GCC_WARN_UNINITIALIZED_AUTOS = YES_AGGRESSIVE;
				GCC_WARN_UNUSED_FUNCTION = YES;
				GCC_WARN_UNUSED_VARIABLE = YES;
				IPHONEOS_DEPLOYMENT_TARGET = 15.0;
				MTL_ENABLE_DEBUG_INFO = INCLUDE_SOURCE;
				MTL_FAST_MATH = YES;
				ONLY_ACTIVE_ARCH = YES;
				SDKROOT = iphoneos;
				SWIFT_ACTIVE_COMPILATION_CONDITIONS = DEBUG;
				SWIFT_OPTIMIZATION_LEVEL = "-Onone";
			};
			name = Debug;
		};
		B33515A127784AF400A5D44E /* Release */ = {
			isa = XCBuildConfiguration;
			buildSettings = {
				ALWAYS_SEARCH_USER_PATHS = NO;
				CLANG_ANALYZER_NONNULL = YES;
				CLANG_ANALYZER_NUMBER_OBJECT_CONVERSION = YES_AGGRESSIVE;
				CLANG_CXX_LANGUAGE_STANDARD = "gnu++17";
				CLANG_CXX_LIBRARY = "libc++";
				CLANG_ENABLE_MODULES = YES;
				CLANG_ENABLE_OBJC_ARC = YES;
				CLANG_ENABLE_OBJC_WEAK = YES;
				CLANG_WARN_BLOCK_CAPTURE_AUTORELEASING = YES;
				CLANG_WARN_BOOL_CONVERSION = YES;
				CLANG_WARN_COMMA = YES;
				CLANG_WARN_CONSTANT_CONVERSION = YES;
				CLANG_WARN_DEPRECATED_OBJC_IMPLEMENTATIONS = YES;
				CLANG_WARN_DIRECT_OBJC_ISA_USAGE = YES_ERROR;
				CLANG_WARN_DOCUMENTATION_COMMENTS = YES;
				CLANG_WARN_EMPTY_BODY = YES;
				CLANG_WARN_ENUM_CONVERSION = YES;
				CLANG_WARN_INFINITE_RECURSION = YES;
				CLANG_WARN_INT_CONVERSION = YES;
				CLANG_WARN_NON_LITERAL_NULL_CONVERSION = YES;
				CLANG_WARN_OBJC_IMPLICIT_RETAIN_SELF = YES;
				CLANG_WARN_OBJC_LITERAL_CONVERSION = YES;
				CLANG_WARN_OBJC_ROOT_CLASS = YES_ERROR;
				CLANG_WARN_QUOTED_INCLUDE_IN_FRAMEWORK_HEADER = YES;
				CLANG_WARN_RANGE_LOOP_ANALYSIS = YES;
				CLANG_WARN_STRICT_PROTOTYPES = YES;
				CLANG_WARN_SUSPICIOUS_MOVE = YES;
				CLANG_WARN_UNGUARDED_AVAILABILITY = YES_AGGRESSIVE;
				CLANG_WARN_UNREACHABLE_CODE = YES;
				CLANG_WARN__DUPLICATE_METHOD_MATCH = YES;
				COPY_PHASE_STRIP = NO;
				DEBUG_INFORMATION_FORMAT = "dwarf-with-dsym";
				ENABLE_NS_ASSERTIONS = NO;
				ENABLE_STRICT_OBJC_MSGSEND = YES;
				GCC_C_LANGUAGE_STANDARD = gnu11;
				GCC_NO_COMMON_BLOCKS = YES;
				GCC_WARN_64_TO_32_BIT_CONVERSION = YES;
				GCC_WARN_ABOUT_RETURN_TYPE = YES_ERROR;
				GCC_WARN_UNDECLARED_SELECTOR = YES;
				GCC_WARN_UNINITIALIZED_AUTOS = YES_AGGRESSIVE;
				GCC_WARN_UNUSED_FUNCTION = YES;
				GCC_WARN_UNUSED_VARIABLE = YES;
				IPHONEOS_DEPLOYMENT_TARGET = 15.0;
				MTL_ENABLE_DEBUG_INFO = NO;
				MTL_FAST_MATH = YES;
				SDKROOT = iphoneos;
				SWIFT_COMPILATION_MODE = wholemodule;
				SWIFT_OPTIMIZATION_LEVEL = "-O";
				VALIDATE_PRODUCT = YES;
			};
			name = Release;
		};
		B33515A327784AF400A5D44E /* Debug */ = {
			isa = XCBuildConfiguration;
			buildSettings = {
				ASSETCATALOG_COMPILER_APPICON_NAME = AppIcon;
				ASSETCATALOG_COMPILER_GLOBAL_ACCENT_COLOR_NAME = AccentColor;
				CODE_SIGN_STYLE = Automatic;
				CURRENT_PROJECT_VERSION = 1;
				DEVELOPMENT_ASSET_PATHS = "\"MLPredictions/Preview Content\"";
				DEVELOPMENT_TEAM = 27HH5ZR3UE;
				ENABLE_PREVIEWS = YES;
				GENERATE_INFOPLIST_FILE = YES;
				INFOPLIST_KEY_NSCameraUsageDescription = "";
				INFOPLIST_KEY_UIApplicationSceneManifest_Generation = YES;
				INFOPLIST_KEY_UIApplicationSupportsIndirectInputEvents = YES;
				INFOPLIST_KEY_UILaunchScreen_Generation = YES;
				INFOPLIST_KEY_UISupportedInterfaceOrientations_iPad = "UIInterfaceOrientationPortrait UIInterfaceOrientationPortraitUpsideDown UIInterfaceOrientationLandscapeLeft UIInterfaceOrientationLandscapeRight";
				INFOPLIST_KEY_UISupportedInterfaceOrientations_iPhone = "UIInterfaceOrientationPortrait UIInterfaceOrientationLandscapeLeft UIInterfaceOrientationLandscapeRight";
				IPHONEOS_DEPLOYMENT_TARGET = 14.0;
				LD_RUNPATH_SEARCH_PATHS = (
					"$(inherited)",
					"@executable_path/Frameworks",
				);
				MARKETING_VERSION = 1.0;
				PRODUCT_BUNDLE_IDENTIFIER = com.dev.app.MLPredictions;
				PRODUCT_NAME = "$(TARGET_NAME)";
				SWIFT_EMIT_LOC_STRINGS = YES;
				SWIFT_VERSION = 5.0;
				TARGETED_DEVICE_FAMILY = "1,2";
			};
			name = Debug;
		};
		B33515A427784AF400A5D44E /* Release */ = {
			isa = XCBuildConfiguration;
			buildSettings = {
				ASSETCATALOG_COMPILER_APPICON_NAME = AppIcon;
				ASSETCATALOG_COMPILER_GLOBAL_ACCENT_COLOR_NAME = AccentColor;
				CODE_SIGN_STYLE = Automatic;
				CURRENT_PROJECT_VERSION = 1;
				DEVELOPMENT_ASSET_PATHS = "\"MLPredictions/Preview Content\"";
				DEVELOPMENT_TEAM = 27HH5ZR3UE;
				ENABLE_PREVIEWS = YES;
				GENERATE_INFOPLIST_FILE = YES;
				INFOPLIST_KEY_NSCameraUsageDescription = "";
				INFOPLIST_KEY_UIApplicationSceneManifest_Generation = YES;
				INFOPLIST_KEY_UIApplicationSupportsIndirectInputEvents = YES;
				INFOPLIST_KEY_UILaunchScreen_Generation = YES;
				INFOPLIST_KEY_UISupportedInterfaceOrientations_iPad = "UIInterfaceOrientationPortrait UIInterfaceOrientationPortraitUpsideDown UIInterfaceOrientationLandscapeLeft UIInterfaceOrientationLandscapeRight";
				INFOPLIST_KEY_UISupportedInterfaceOrientations_iPhone = "UIInterfaceOrientationPortrait UIInterfaceOrientationLandscapeLeft UIInterfaceOrientationLandscapeRight";
				IPHONEOS_DEPLOYMENT_TARGET = 14.0;
				LD_RUNPATH_SEARCH_PATHS = (
					"$(inherited)",
					"@executable_path/Frameworks",
				);
				MARKETING_VERSION = 1.0;
				PRODUCT_BUNDLE_IDENTIFIER = com.dev.app.MLPredictions;
				PRODUCT_NAME = "$(TARGET_NAME)";
				SWIFT_EMIT_LOC_STRINGS = YES;
				SWIFT_VERSION = 5.0;
				TARGETED_DEVICE_FAMILY = "1,2";
			};
			name = Release;
		};
		B33515A627784AF400A5D44E /* Debug */ = {
			isa = XCBuildConfiguration;
			buildSettings = {
				ALWAYS_EMBED_SWIFT_STANDARD_LIBRARIES = YES;
				BUNDLE_LOADER = "$(TEST_HOST)";
				CODE_SIGN_STYLE = Automatic;
				CURRENT_PROJECT_VERSION = 1;
				DEVELOPMENT_TEAM = 27HH5ZR3UE;
				GENERATE_INFOPLIST_FILE = YES;
				IPHONEOS_DEPLOYMENT_TARGET = 14.0;
				LD_RUNPATH_SEARCH_PATHS = (
					"$(inherited)",
					"@executable_path/Frameworks",
					"@loader_path/Frameworks",
				);
				MARKETING_VERSION = 1.0;
				PRODUCT_BUNDLE_IDENTIFIER = com.dev.app.MLPredictionsTests;
				PRODUCT_NAME = "$(TARGET_NAME)";
				SWIFT_EMIT_LOC_STRINGS = NO;
				SWIFT_VERSION = 5.0;
				TARGETED_DEVICE_FAMILY = "1,2";
				TEST_HOST = "$(BUILT_PRODUCTS_DIR)/MLPredictions.app/MLPredictions";
			};
			name = Debug;
		};
		B33515A727784AF400A5D44E /* Release */ = {
			isa = XCBuildConfiguration;
			buildSettings = {
				ALWAYS_EMBED_SWIFT_STANDARD_LIBRARIES = YES;
				BUNDLE_LOADER = "$(TEST_HOST)";
				CODE_SIGN_STYLE = Automatic;
				CURRENT_PROJECT_VERSION = 1;
				DEVELOPMENT_TEAM = 27HH5ZR3UE;
				GENERATE_INFOPLIST_FILE = YES;
				IPHONEOS_DEPLOYMENT_TARGET = 14.0;
				LD_RUNPATH_SEARCH_PATHS = (
					"$(inherited)",
					"@executable_path/Frameworks",
					"@loader_path/Frameworks",
				);
				MARKETING_VERSION = 1.0;
				PRODUCT_BUNDLE_IDENTIFIER = com.dev.app.MLPredictionsTests;
				PRODUCT_NAME = "$(TARGET_NAME)";
				SWIFT_EMIT_LOC_STRINGS = NO;
				SWIFT_VERSION = 5.0;
				TARGETED_DEVICE_FAMILY = "1,2";
				TEST_HOST = "$(BUILT_PRODUCTS_DIR)/MLPredictions.app/MLPredictions";
			};
			name = Release;
		};
		B33515A927784AF400A5D44E /* Debug */ = {
			isa = XCBuildConfiguration;
			buildSettings = {
				ALWAYS_EMBED_SWIFT_STANDARD_LIBRARIES = YES;
				CODE_SIGN_STYLE = Automatic;
				CURRENT_PROJECT_VERSION = 1;
				DEVELOPMENT_TEAM = 27HH5ZR3UE;
				GENERATE_INFOPLIST_FILE = YES;
				LD_RUNPATH_SEARCH_PATHS = (
					"$(inherited)",
					"@executable_path/Frameworks",
					"@loader_path/Frameworks",
				);
				MARKETING_VERSION = 1.0;
				PRODUCT_BUNDLE_IDENTIFIER = com.dev.app.MLPredictionsUITests;
				PRODUCT_NAME = "$(TARGET_NAME)";
				SWIFT_EMIT_LOC_STRINGS = NO;
				SWIFT_VERSION = 5.0;
				TARGETED_DEVICE_FAMILY = "1,2";
				TEST_TARGET_NAME = MLPredictions;
			};
			name = Debug;
		};
		B33515AA27784AF400A5D44E /* Release */ = {
			isa = XCBuildConfiguration;
			buildSettings = {
				ALWAYS_EMBED_SWIFT_STANDARD_LIBRARIES = YES;
				CODE_SIGN_STYLE = Automatic;
				CURRENT_PROJECT_VERSION = 1;
				DEVELOPMENT_TEAM = 27HH5ZR3UE;
				GENERATE_INFOPLIST_FILE = YES;
				LD_RUNPATH_SEARCH_PATHS = (
					"$(inherited)",
					"@executable_path/Frameworks",
					"@loader_path/Frameworks",
				);
				MARKETING_VERSION = 1.0;
				PRODUCT_BUNDLE_IDENTIFIER = com.dev.app.MLPredictionsUITests;
				PRODUCT_NAME = "$(TARGET_NAME)";
				SWIFT_EMIT_LOC_STRINGS = NO;
				SWIFT_VERSION = 5.0;
				TARGETED_DEVICE_FAMILY = "1,2";
				TEST_TARGET_NAME = MLPredictions;
			};
			name = Release;
		};
/* End XCBuildConfiguration section */

/* Begin XCConfigurationList section */
		B335157927784AF000A5D44E /* Build configuration list for PBXProject "MLPredictions" */ = {
			isa = XCConfigurationList;
			buildConfigurations = (
				B33515A027784AF400A5D44E /* Debug */,
				B33515A127784AF400A5D44E /* Release */,
			);
			defaultConfigurationIsVisible = 0;
			defaultConfigurationName = Release;
		};
		B33515A227784AF400A5D44E /* Build configuration list for PBXNativeTarget "MLPredictions" */ = {
			isa = XCConfigurationList;
			buildConfigurations = (
				B33515A327784AF400A5D44E /* Debug */,
				B33515A427784AF400A5D44E /* Release */,
			);
			defaultConfigurationIsVisible = 0;
			defaultConfigurationName = Release;
		};
		B33515A527784AF400A5D44E /* Build configuration list for PBXNativeTarget "MLPredictionsTests" */ = {
			isa = XCConfigurationList;
			buildConfigurations = (
				B33515A627784AF400A5D44E /* Debug */,
				B33515A727784AF400A5D44E /* Release */,
			);
			defaultConfigurationIsVisible = 0;
			defaultConfigurationName = Release;
		};
		B33515A827784AF400A5D44E /* Build configuration list for PBXNativeTarget "MLPredictionsUITests" */ = {
			isa = XCConfigurationList;
			buildConfigurations = (
				B33515A927784AF400A5D44E /* Debug */,
				B33515AA27784AF400A5D44E /* Release */,
			);
			defaultConfigurationIsVisible = 0;
			defaultConfigurationName = Release;
		};
/* End XCConfigurationList section */

/* Begin XCRemoteSwiftPackageReference section */
		B334D336277929C6001104BA /* XCRemoteSwiftPackageReference "Alamofire" */ = {
			isa = XCRemoteSwiftPackageReference;
			repositoryURL = "https://github.com/Alamofire/Alamofire.git";
			requirement = {
				branch = master;
				kind = branch;
			};
		};
/* End XCRemoteSwiftPackageReference section */

/* Begin XCSwiftPackageProductDependency section */
		B334D337277929C6001104BA /* Alamofire */ = {
			isa = XCSwiftPackageProductDependency;
			package = B334D336277929C6001104BA /* XCRemoteSwiftPackageReference "Alamofire" */;
			productName = Alamofire;
		};
/* End XCSwiftPackageProductDependency section */
	};
	rootObject = B335157627784AF000A5D44E /* Project object */;
}
